// !$*UTF8*$!
{
	archiveVersion = 1;
	classes = {
	};
	objectVersion = 55;
	objects = {

/* Begin PBXBuildFile section */
		3A46757427DDC5D50001B1FE /* RKOApp.swift in Sources */ = {isa = PBXBuildFile; fileRef = 3A46757327DDC5D50001B1FE /* RKOApp.swift */; };
		3A46757627DDC5D50001B1FE /* ContentView.swift in Sources */ = {isa = PBXBuildFile; fileRef = 3A46757527DDC5D50001B1FE /* ContentView.swift */; };
		3A46757827DDC5D50001B1FE /* Assets.xcassets in Resources */ = {isa = PBXBuildFile; fileRef = 3A46757727DDC5D50001B1FE /* Assets.xcassets */; };
		3A46757B27DDC5D50001B1FE /* Preview Assets.xcassets in Resources */ = {isa = PBXBuildFile; fileRef = 3A46757A27DDC5D50001B1FE /* Preview Assets.xcassets */; };
		3A46758527DDC5D60001B1FE /* RKOTests.swift in Sources */ = {isa = PBXBuildFile; fileRef = 3A46758427DDC5D60001B1FE /* RKOTests.swift */; };
		3A46758F27DDC5D60001B1FE /* RKOUITests.swift in Sources */ = {isa = PBXBuildFile; fileRef = 3A46758E27DDC5D60001B1FE /* RKOUITests.swift */; };
		3A46759127DDC5D60001B1FE /* RKOUITestsLaunchTests.swift in Sources */ = {isa = PBXBuildFile; fileRef = 3A46759027DDC5D60001B1FE /* RKOUITestsLaunchTests.swift */; };
/* End PBXBuildFile section */

/* Begin PBXContainerItemProxy section */
		3A46758127DDC5D60001B1FE /* PBXContainerItemProxy */ = {
			isa = PBXContainerItemProxy;
			containerPortal = 3A46756827DDC5D50001B1FE /* Project object */;
			proxyType = 1;
			remoteGlobalIDString = 3A46756F27DDC5D50001B1FE;
			remoteInfo = RKO;
		};
		3A46758B27DDC5D60001B1FE /* PBXContainerItemProxy */ = {
			isa = PBXContainerItemProxy;
			containerPortal = 3A46756827DDC5D50001B1FE /* Project object */;
			proxyType = 1;
			remoteGlobalIDString = 3A46756F27DDC5D50001B1FE;
			remoteInfo = RKO;
		};
/* End PBXContainerItemProxy section */

/* Begin PBXFileReference section */
		3A46757027DDC5D50001B1FE /* RKO.app */ = {isa = PBXFileReference; explicitFileType = wrapper.application; includeInIndex = 0; path = RKO.app; sourceTree = BUILT_PRODUCTS_DIR; };
		3A46757327DDC5D50001B1FE /* RKOApp.swift */ = {isa = PBXFileReference; lastKnownFileType = sourcecode.swift; path = RKOApp.swift; sourceTree = "<group>"; };
		3A46757527DDC5D50001B1FE /* ContentView.swift */ = {isa = PBXFileReference; lastKnownFileType = sourcecode.swift; path = ContentView.swift; sourceTree = "<group>"; };
		3A46757727DDC5D50001B1FE /* Assets.xcassets */ = {isa = PBXFileReference; lastKnownFileType = folder.assetcatalog; path = Assets.xcassets; sourceTree = "<group>"; };
		3A46757A27DDC5D50001B1FE /* Preview Assets.xcassets */ = {isa = PBXFileReference; lastKnownFileType = folder.assetcatalog; path = "Preview Assets.xcassets"; sourceTree = "<group>"; };
		3A46758027DDC5D60001B1FE /* RKOTests.xctest */ = {isa = PBXFileReference; explicitFileType = wrapper.cfbundle; includeInIndex = 0; path = RKOTests.xctest; sourceTree = BUILT_PRODUCTS_DIR; };
		3A46758427DDC5D60001B1FE /* RKOTests.swift */ = {isa = PBXFileReference; lastKnownFileType = sourcecode.swift; path = RKOTests.swift; sourceTree = "<group>"; };
		3A46758A27DDC5D60001B1FE /* RKOUITests.xctest */ = {isa = PBXFileReference; explicitFileType = wrapper.cfbundle; includeInIndex = 0; path = RKOUITests.xctest; sourceTree = BUILT_PRODUCTS_DIR; };
		3A46758E27DDC5D60001B1FE /* RKOUITests.swift */ = {isa = PBXFileReference; lastKnownFileType = sourcecode.swift; path = RKOUITests.swift; sourceTree = "<group>"; };
		3A46759027DDC5D60001B1FE /* RKOUITestsLaunchTests.swift */ = {isa = PBXFileReference; lastKnownFileType = sourcecode.swift; path = RKOUITestsLaunchTests.swift; sourceTree = "<group>"; };
/* End PBXFileReference section */

/* Begin PBXFrameworksBuildPhase section */
		3A46756D27DDC5D50001B1FE /* Frameworks */ = {
			isa = PBXFrameworksBuildPhase;
			buildActionMask = 2147483647;
			files = (
			);
			runOnlyForDeploymentPostprocessing = 0;
		};
		3A46757D27DDC5D60001B1FE /* Frameworks */ = {
			isa = PBXFrameworksBuildPhase;
			buildActionMask = 2147483647;
			files = (
			);
			runOnlyForDeploymentPostprocessing = 0;
		};
		3A46758727DDC5D60001B1FE /* Frameworks */ = {
			isa = PBXFrameworksBuildPhase;
			buildActionMask = 2147483647;
			files = (
			);
			runOnlyForDeploymentPostprocessing = 0;
		};
/* End PBXFrameworksBuildPhase section */

/* Begin PBXGroup section */
		3A46756727DDC5D50001B1FE = {
			isa = PBXGroup;
			children = (
				3A46757227DDC5D50001B1FE /* RKO */,
				3A46758327DDC5D60001B1FE /* RKOTests */,
				3A46758D27DDC5D60001B1FE /* RKOUITests */,
				3A46757127DDC5D50001B1FE /* Products */,
			);
			sourceTree = "<group>";
		};
		3A46757127DDC5D50001B1FE /* Products */ = {
			isa = PBXGroup;
			children = (
				3A46757027DDC5D50001B1FE /* RKO.app */,
				3A46758027DDC5D60001B1FE /* RKOTests.xctest */,
				3A46758A27DDC5D60001B1FE /* RKOUITests.xctest */,
			);
			name = Products;
			sourceTree = "<group>";
		};
		3A46757227DDC5D50001B1FE /* RKO */ = {
			isa = PBXGroup;
			children = (
				3A46757327DDC5D50001B1FE /* RKOApp.swift */,
				3A46757527DDC5D50001B1FE /* ContentView.swift */,
				3A46757727DDC5D50001B1FE /* Assets.xcassets */,
				3A46757927DDC5D50001B1FE /* Preview Content */,
			);
			path = RKO;
			sourceTree = "<group>";
		};
		3A46757927DDC5D50001B1FE /* Preview Content */ = {
			isa = PBXGroup;
			children = (
				3A46757A27DDC5D50001B1FE /* Preview Assets.xcassets */,
			);
			path = "Preview Content";
			sourceTree = "<group>";
		};
		3A46758327DDC5D60001B1FE /* RKOTests */ = {
			isa = PBXGroup;
			children = (
				3A46758427DDC5D60001B1FE /* RKOTests.swift */,
			);
			path = RKOTests;
			sourceTree = "<group>";
		};
		3A46758D27DDC5D60001B1FE /* RKOUITests */ = {
			isa = PBXGroup;
			children = (
				3A46758E27DDC5D60001B1FE /* RKOUITests.swift */,
				3A46759027DDC5D60001B1FE /* RKOUITestsLaunchTests.swift */,
			);
			path = RKOUITests;
			sourceTree = "<group>";
		};
/* End PBXGroup section */

/* Begin PBXNativeTarget section */
		3A46756F27DDC5D50001B1FE /* RKO */ = {
			isa = PBXNativeTarget;
			buildConfigurationList = 3A46759427DDC5D60001B1FE /* Build configuration list for PBXNativeTarget "RKO" */;
			buildPhases = (
				3A46756C27DDC5D50001B1FE /* Sources */,
				3A46756D27DDC5D50001B1FE /* Frameworks */,
				3A46756E27DDC5D50001B1FE /* Resources */,
			);
			buildRules = (
			);
			dependencies = (
			);
			name = RKO;
			productName = RKO;
			productReference = 3A46757027DDC5D50001B1FE /* RKO.app */;
			productType = "com.apple.product-type.application";
		};
		3A46757F27DDC5D60001B1FE /* RKOTests */ = {
			isa = PBXNativeTarget;
			buildConfigurationList = 3A46759727DDC5D60001B1FE /* Build configuration list for PBXNativeTarget "RKOTests" */;
			buildPhases = (
				3A46757C27DDC5D60001B1FE /* Sources */,
				3A46757D27DDC5D60001B1FE /* Frameworks */,
				3A46757E27DDC5D60001B1FE /* Resources */,
			);
			buildRules = (
			);
			dependencies = (
				3A46758227DDC5D60001B1FE /* PBXTargetDependency */,
			);
			name = RKOTests;
			productName = RKOTests;
			productReference = 3A46758027DDC5D60001B1FE /* RKOTests.xctest */;
			productType = "com.apple.product-type.bundle.unit-test";
		};
		3A46758927DDC5D60001B1FE /* RKOUITests */ = {
			isa = PBXNativeTarget;
			buildConfigurationList = 3A46759A27DDC5D60001B1FE /* Build configuration list for PBXNativeTarget "RKOUITests" */;
			buildPhases = (
				3A46758627DDC5D60001B1FE /* Sources */,
				3A46758727DDC5D60001B1FE /* Frameworks */,
				3A46758827DDC5D60001B1FE /* Resources */,
			);
			buildRules = (
			);
			dependencies = (
				3A46758C27DDC5D60001B1FE /* PBXTargetDependency */,
			);
			name = RKOUITests;
			productName = RKOUITests;
			productReference = 3A46758A27DDC5D60001B1FE /* RKOUITests.xctest */;
			productType = "com.apple.product-type.bundle.ui-testing";
		};
/* End PBXNativeTarget section */

/* Begin PBXProject section */
		3A46756827DDC5D50001B1FE /* Project object */ = {
			isa = PBXProject;
			attributes = {
				BuildIndependentTargetsInParallel = 1;
				LastSwiftUpdateCheck = 1320;
				LastUpgradeCheck = 1320;
				TargetAttributes = {
					3A46756F27DDC5D50001B1FE = {
						CreatedOnToolsVersion = 13.2.1;
					};
					3A46757F27DDC5D60001B1FE = {
						CreatedOnToolsVersion = 13.2.1;
						TestTargetID = 3A46756F27DDC5D50001B1FE;
					};
					3A46758927DDC5D60001B1FE = {
						CreatedOnToolsVersion = 13.2.1;
						TestTargetID = 3A46756F27DDC5D50001B1FE;
					};
				};
			};
			buildConfigurationList = 3A46756B27DDC5D50001B1FE /* Build configuration list for PBXProject "RKO" */;
			compatibilityVersion = "Xcode 13.0";
			developmentRegion = en;
			hasScannedForEncodings = 0;
			knownRegions = (
				en,
				Base,
			);
			mainGroup = 3A46756727DDC5D50001B1FE;
			productRefGroup = 3A46757127DDC5D50001B1FE /* Products */;
			projectDirPath = "";
			projectRoot = "";
			targets = (
				3A46756F27DDC5D50001B1FE /* RKO */,
				3A46757F27DDC5D60001B1FE /* RKOTests */,
				3A46758927DDC5D60001B1FE /* RKOUITests */,
			);
		};
/* End PBXProject section */

/* Begin PBXResourcesBuildPhase section */
		3A46756E27DDC5D50001B1FE /* Resources */ = {
			isa = PBXResourcesBuildPhase;
			buildActionMask = 2147483647;
			files = (
				3A46757B27DDC5D50001B1FE /* Preview Assets.xcassets in Resources */,
				3A46757827DDC5D50001B1FE /* Assets.xcassets in Resources */,
			);
			runOnlyForDeploymentPostprocessing = 0;
		};
		3A46757E27DDC5D60001B1FE /* Resources */ = {
			isa = PBXResourcesBuildPhase;
			buildActionMask = 2147483647;
			files = (
			);
			runOnlyForDeploymentPostprocessing = 0;
		};
		3A46758827DDC5D60001B1FE /* Resources */ = {
			isa = PBXResourcesBuildPhase;
			buildActionMask = 2147483647;
			files = (
			);
			runOnlyForDeploymentPostprocessing = 0;
		};
/* End PBXResourcesBuildPhase section */

/* Begin PBXSourcesBuildPhase section */
		3A46756C27DDC5D50001B1FE /* Sources */ = {
			isa = PBXSourcesBuildPhase;
			buildActionMask = 2147483647;
			files = (
				3A46757627DDC5D50001B1FE /* ContentView.swift in Sources */,
				3A46757427DDC5D50001B1FE /* RKOApp.swift in Sources */,
			);
			runOnlyForDeploymentPostprocessing = 0;
		};
		3A46757C27DDC5D60001B1FE /* Sources */ = {
			isa = PBXSourcesBuildPhase;
			buildActionMask = 2147483647;
			files = (
				3A46758527DDC5D60001B1FE /* RKOTests.swift in Sources */,
			);
			runOnlyForDeploymentPostprocessing = 0;
		};
		3A46758627DDC5D60001B1FE /* Sources */ = {
			isa = PBXSourcesBuildPhase;
			buildActionMask = 2147483647;
			files = (
				3A46758F27DDC5D60001B1FE /* RKOUITests.swift in Sources */,
				3A46759127DDC5D60001B1FE /* RKOUITestsLaunchTests.swift in Sources */,
			);
			runOnlyForDeploymentPostprocessing = 0;
		};
/* End PBXSourcesBuildPhase section */

/* Begin PBXTargetDependency section */
		3A46758227DDC5D60001B1FE /* PBXTargetDependency */ = {
			isa = PBXTargetDependency;
			target = 3A46756F27DDC5D50001B1FE /* RKO */;
			targetProxy = 3A46758127DDC5D60001B1FE /* PBXContainerItemProxy */;
		};
		3A46758C27DDC5D60001B1FE /* PBXTargetDependency */ = {
			isa = PBXTargetDependency;
			target = 3A46756F27DDC5D50001B1FE /* RKO */;
			targetProxy = 3A46758B27DDC5D60001B1FE /* PBXContainerItemProxy */;
		};
/* End PBXTargetDependency section */

/* Begin XCBuildConfiguration section */
		3A46759227DDC5D60001B1FE /* Debug */ = {
			isa = XCBuildConfiguration;
			buildSettings = {
				ALWAYS_SEARCH_USER_PATHS = NO;
				CLANG_ANALYZER_NONNULL = YES;
				CLANG_ANALYZER_NUMBER_OBJECT_CONVERSION = YES_AGGRESSIVE;
				CLANG_CXX_LANGUAGE_STANDARD = "gnu++17";
				CLANG_CXX_LIBRARY = "libc++";
				CLANG_ENABLE_MODULES = YES;
				CLANG_ENABLE_OBJC_ARC = YES;
				CLANG_ENABLE_OBJC_WEAK = YES;
				CLANG_WARN_BLOCK_CAPTURE_AUTORELEASING = YES;
				CLANG_WARN_BOOL_CONVERSION = YES;
				CLANG_WARN_COMMA = YES;
				CLANG_WARN_CONSTANT_CONVERSION = YES;
				CLANG_WARN_DEPRECATED_OBJC_IMPLEMENTATIONS = YES;
				CLANG_WARN_DIRECT_OBJC_ISA_USAGE = YES_ERROR;
				CLANG_WARN_DOCUMENTATION_COMMENTS = YES;
				CLANG_WARN_EMPTY_BODY = YES;
				CLANG_WARN_ENUM_CONVERSION = YES;
				CLANG_WARN_INFINITE_RECURSION = YES;
				CLANG_WARN_INT_CONVERSION = YES;
				CLANG_WARN_NON_LITERAL_NULL_CONVERSION = YES;
				CLANG_WARN_OBJC_IMPLICIT_RETAIN_SELF = YES;
				CLANG_WARN_OBJC_LITERAL_CONVERSION = YES;
				CLANG_WARN_OBJC_ROOT_CLASS = YES_ERROR;
				CLANG_WARN_QUOTED_INCLUDE_IN_FRAMEWORK_HEADER = YES;
				CLANG_WARN_RANGE_LOOP_ANALYSIS = YES;
				CLANG_WARN_STRICT_PROTOTYPES = YES;
				CLANG_WARN_SUSPICIOUS_MOVE = YES;
				CLANG_WARN_UNGUARDED_AVAILABILITY = YES_AGGRESSIVE;
				CLANG_WARN_UNREACHABLE_CODE = YES;
				CLANG_WARN__DUPLICATE_METHOD_MATCH = YES;
				COPY_PHASE_STRIP = NO;
				DEBUG_INFORMATION_FORMAT = dwarf;
				ENABLE_STRICT_OBJC_MSGSEND = YES;
				ENABLE_TESTABILITY = YES;
				GCC_C_LANGUAGE_STANDARD = gnu11;
				GCC_DYNAMIC_NO_PIC = NO;
				GCC_NO_COMMON_BLOCKS = YES;
				GCC_OPTIMIZATION_LEVEL = 0;
				GCC_PREPROCESSOR_DEFINITIONS = (
					"DEBUG=1",
					"$(inherited)",
				);
				GCC_WARN_64_TO_32_BIT_CONVERSION = YES;
				GCC_WARN_ABOUT_RETURN_TYPE = YES_ERROR;
				GCC_WARN_UNDECLARED_SELECTOR = YES;
				GCC_WARN_UNINITIALIZED_AUTOS = YES_AGGRESSIVE;
				GCC_WARN_UNUSED_FUNCTION = YES;
				GCC_WARN_UNUSED_VARIABLE = YES;
				IPHONEOS_DEPLOYMENT_TARGET = 15.2;
				MTL_ENABLE_DEBUG_INFO = INCLUDE_SOURCE;
				MTL_FAST_MATH = YES;
				ONLY_ACTIVE_ARCH = YES;
				SDKROOT = iphoneos;
				SWIFT_ACTIVE_COMPILATION_CONDITIONS = DEBUG;
				SWIFT_OPTIMIZATION_LEVEL = "-Onone";
			};
			name = Debug;
		};
		3A46759327DDC5D60001B1FE /* Release */ = {
			isa = XCBuildConfiguration;
			buildSettings = {
				ALWAYS_SEARCH_USER_PATHS = NO;
				CLANG_ANALYZER_NONNULL = YES;
				CLANG_ANALYZER_NUMBER_OBJECT_CONVERSION = YES_AGGRESSIVE;
				CLANG_CXX_LANGUAGE_STANDARD = "gnu++17";
				CLANG_CXX_LIBRARY = "libc++";
				CLANG_ENABLE_MODULES = YES;
				CLANG_ENABLE_OBJC_ARC = YES;
				CLANG_ENABLE_OBJC_WEAK = YES;
				CLANG_WARN_BLOCK_CAPTURE_AUTORELEASING = YES;
				CLANG_WARN_BOOL_CONVERSION = YES;
				CLANG_WARN_COMMA = YES;
				CLANG_WARN_CONSTANT_CONVERSION = YES;
				CLANG_WARN_DEPRECATED_OBJC_IMPLEMENTATIONS = YES;
				CLANG_WARN_DIRECT_OBJC_ISA_USAGE = YES_ERROR;
				CLANG_WARN_DOCUMENTATION_COMMENTS = YES;
				CLANG_WARN_EMPTY_BODY = YES;
				CLANG_WARN_ENUM_CONVERSION = YES;
				CLANG_WARN_INFINITE_RECURSION = YES;
				CLANG_WARN_INT_CONVERSION = YES;
				CLANG_WARN_NON_LITERAL_NULL_CONVERSION = YES;
				CLANG_WARN_OBJC_IMPLICIT_RETAIN_SELF = YES;
				CLANG_WARN_OBJC_LITERAL_CONVERSION = YES;
				CLANG_WARN_OBJC_ROOT_CLASS = YES_ERROR;
				CLANG_WARN_QUOTED_INCLUDE_IN_FRAMEWORK_HEADER = YES;
				CLANG_WARN_RANGE_LOOP_ANALYSIS = YES;
				CLANG_WARN_STRICT_PROTOTYPES = YES;
				CLANG_WARN_SUSPICIOUS_MOVE = YES;
				CLANG_WARN_UNGUARDED_AVAILABILITY = YES_AGGRESSIVE;
				CLANG_WARN_UNREACHABLE_CODE = YES;
				CLANG_WARN__DUPLICATE_METHOD_MATCH = YES;
				COPY_PHASE_STRIP = NO;
				DEBUG_INFORMATION_FORMAT = "dwarf-with-dsym";
				ENABLE_NS_ASSERTIONS = NO;
				ENABLE_STRICT_OBJC_MSGSEND = YES;
				GCC_C_LANGUAGE_STANDARD = gnu11;
				GCC_NO_COMMON_BLOCKS = YES;
				GCC_WARN_64_TO_32_BIT_CONVERSION = YES;
				GCC_WARN_ABOUT_RETURN_TYPE = YES_ERROR;
				GCC_WARN_UNDECLARED_SELECTOR = YES;
				GCC_WARN_UNINITIALIZED_AUTOS = YES_AGGRESSIVE;
				GCC_WARN_UNUSED_FUNCTION = YES;
				GCC_WARN_UNUSED_VARIABLE = YES;
				IPHONEOS_DEPLOYMENT_TARGET = 15.2;
				MTL_ENABLE_DEBUG_INFO = NO;
				MTL_FAST_MATH = YES;
				SDKROOT = iphoneos;
				SWIFT_COMPILATION_MODE = wholemodule;
				SWIFT_OPTIMIZATION_LEVEL = "-O";
				VALIDATE_PRODUCT = YES;
			};
			name = Release;
		};
		3A46759527DDC5D60001B1FE /* Debug */ = {
			isa = XCBuildConfiguration;
			buildSettings = {
				ASSETCATALOG_COMPILER_APPICON_NAME = AppIcon;
				ASSETCATALOG_COMPILER_GLOBAL_ACCENT_COLOR_NAME = AccentColor;
				CODE_SIGN_STYLE = Automatic;
				CURRENT_PROJECT_VERSION = 1;
				DEVELOPMENT_ASSET_PATHS = "\"RKO/Preview Content\"";
				DEVELOPMENT_TEAM = T6L32Y2258;
				ENABLE_PREVIEWS = YES;
				GENERATE_INFOPLIST_FILE = YES;
				INFOPLIST_KEY_UIApplicationSceneManifest_Generation = YES;
				INFOPLIST_KEY_UIApplicationSupportsIndirectInputEvents = YES;
				INFOPLIST_KEY_UILaunchScreen_Generation = YES;
				INFOPLIST_KEY_UISupportedInterfaceOrientations_iPad = "UIInterfaceOrientationPortrait UIInterfaceOrientationPortraitUpsideDown UIInterfaceOrientationLandscapeLeft UIInterfaceOrientationLandscapeRight";
				INFOPLIST_KEY_UISupportedInterfaceOrientations_iPhone = "UIInterfaceOrientationPortrait UIInterfaceOrientationLandscapeLeft UIInterfaceOrientationLandscapeRight";
				LD_RUNPATH_SEARCH_PATHS = (
					"$(inherited)",
					"@executable_path/Frameworks",
				);
				MARKETING_VERSION = 1.0;
				PRODUCT_BUNDLE_IDENTIFIER = lk.ssulakkhana.RKO;
				PRODUCT_NAME = "$(TARGET_NAME)";
				SWIFT_EMIT_LOC_STRINGS = YES;
				SWIFT_VERSION = 5.0;
				TARGETED_DEVICE_FAMILY = "1,2";
			};
			name = Debug;
		};
		3A46759627DDC5D60001B1FE /* Release */ = {
			isa = XCBuildConfiguration;
			buildSettings = {
				ASSETCATALOG_COMPILER_APPICON_NAME = AppIcon;
				ASSETCATALOG_COMPILER_GLOBAL_ACCENT_COLOR_NAME = AccentColor;
				CODE_SIGN_STYLE = Automatic;
				CURRENT_PROJECT_VERSION = 1;
				DEVELOPMENT_ASSET_PATHS = "\"RKO/Preview Content\"";
				DEVELOPMENT_TEAM = T6L32Y2258;
				ENABLE_PREVIEWS = YES;
				GENERATE_INFOPLIST_FILE = YES;
				INFOPLIST_KEY_UIApplicationSceneManifest_Generation = YES;
				INFOPLIST_KEY_UIApplicationSupportsIndirectInputEvents = YES;
				INFOPLIST_KEY_UILaunchScreen_Generation = YES;
				INFOPLIST_KEY_UISupportedInterfaceOrientations_iPad = "UIInterfaceOrientationPortrait UIInterfaceOrientationPortraitUpsideDown UIInterfaceOrientationLandscapeLeft UIInterfaceOrientationLandscapeRight";
				INFOPLIST_KEY_UISupportedInterfaceOrientations_iPhone = "UIInterfaceOrientationPortrait UIInterfaceOrientationLandscapeLeft UIInterfaceOrientationLandscapeRight";
				LD_RUNPATH_SEARCH_PATHS = (
					"$(inherited)",
					"@executable_path/Frameworks",
				);
				MARKETING_VERSION = 1.0;
				PRODUCT_BUNDLE_IDENTIFIER = lk.ssulakkhana.RKO;
				PRODUCT_NAME = "$(TARGET_NAME)";
				SWIFT_EMIT_LOC_STRINGS = YES;
				SWIFT_VERSION = 5.0;
				TARGETED_DEVICE_FAMILY = "1,2";
			};
			name = Release;
		};
		3A46759827DDC5D60001B1FE /* Debug */ = {
			isa = XCBuildConfiguration;
			buildSettings = {
				ALWAYS_EMBED_SWIFT_STANDARD_LIBRARIES = YES;
				BUNDLE_LOADER = "$(TEST_HOST)";
				CODE_SIGN_STYLE = Automatic;
				CURRENT_PROJECT_VERSION = 1;
				DEVELOPMENT_TEAM = T6L32Y2258;
				GENERATE_INFOPLIST_FILE = YES;
				IPHONEOS_DEPLOYMENT_TARGET = 15.2;
				MARKETING_VERSION = 1.0;
				PRODUCT_BUNDLE_IDENTIFIER = lk.ssulakkhana.RKOTests;
				PRODUCT_NAME = "$(TARGET_NAME)";
				SWIFT_EMIT_LOC_STRINGS = NO;
				SWIFT_VERSION = 5.0;
				TARGETED_DEVICE_FAMILY = "1,2";
				TEST_HOST = "$(BUILT_PRODUCTS_DIR)/RKO.app/RKO";
			};
			name = Debug;
		};
		3A46759927DDC5D60001B1FE /* Release */ = {
			isa = XCBuildConfiguration;
			buildSettings = {
				ALWAYS_EMBED_SWIFT_STANDARD_LIBRARIES = YES;
				BUNDLE_LOADER = "$(TEST_HOST)";
				CODE_SIGN_STYLE = Automatic;
				CURRENT_PROJECT_VERSION = 1;
				DEVELOPMENT_TEAM = T6L32Y2258;
				GENERATE_INFOPLIST_FILE = YES;
				IPHONEOS_DEPLOYMENT_TARGET = 15.2;
				MARKETING_VERSION = 1.0;
				PRODUCT_BUNDLE_IDENTIFIER = lk.ssulakkhana.RKOTests;
				PRODUCT_NAME = "$(TARGET_NAME)";
				SWIFT_EMIT_LOC_STRINGS = NO;
				SWIFT_VERSION = 5.0;
				TARGETED_DEVICE_FAMILY = "1,2";
				TEST_HOST = "$(BUILT_PRODUCTS_DIR)/RKO.app/RKO";
			};
			name = Release;
		};
		3A46759B27DDC5D60001B1FE /* Debug */ = {
			isa = XCBuildConfiguration;
			buildSettings = {
				ALWAYS_EMBED_SWIFT_STANDARD_LIBRARIES = YES;
				CODE_SIGN_STYLE = Automatic;
				CURRENT_PROJECT_VERSION = 1;
				DEVELOPMENT_TEAM = T6L32Y2258;
				GENERATE_INFOPLIST_FILE = YES;
				MARKETING_VERSION = 1.0;
				PRODUCT_BUNDLE_IDENTIFIER = lk.ssulakkhana.RKOUITests;
				PRODUCT_NAME = "$(TARGET_NAME)";
				SWIFT_EMIT_LOC_STRINGS = NO;
				SWIFT_VERSION = 5.0;
				TARGETED_DEVICE_FAMILY = "1,2";
				TEST_TARGET_NAME = RKO;
			};
			name = Debug;
		};
		3A46759C27DDC5D60001B1FE /* Release */ = {
			isa = XCBuildConfiguration;
			buildSettings = {
				ALWAYS_EMBED_SWIFT_STANDARD_LIBRARIES = YES;
				CODE_SIGN_STYLE = Automatic;
				CURRENT_PROJECT_VERSION = 1;
				DEVELOPMENT_TEAM = T6L32Y2258;
				GENERATE_INFOPLIST_FILE = YES;
				MARKETING_VERSION = 1.0;
				PRODUCT_BUNDLE_IDENTIFIER = lk.ssulakkhana.RKOUITests;
				PRODUCT_NAME = "$(TARGET_NAME)";
				SWIFT_EMIT_LOC_STRINGS = NO;
				SWIFT_VERSION = 5.0;
				TARGETED_DEVICE_FAMILY = "1,2";
				TEST_TARGET_NAME = RKO;
			};
			name = Release;
		};
/* End XCBuildConfiguration section */

/* Begin XCConfigurationList section */
		3A46756B27DDC5D50001B1FE /* Build configuration list for PBXProject "RKO" */ = {
			isa = XCConfigurationList;
			buildConfigurations = (
				3A46759227DDC5D60001B1FE /* Debug */,
				3A46759327DDC5D60001B1FE /* Release */,
			);
			defaultConfigurationIsVisible = 0;
			defaultConfigurationName = Release;
		};
		3A46759427DDC5D60001B1FE /* Build configuration list for PBXNativeTarget "RKO" */ = {
			isa = XCConfigurationList;
			buildConfigurations = (
				3A46759527DDC5D60001B1FE /* Debug */,
				3A46759627DDC5D60001B1FE /* Release */,
			);
			defaultConfigurationIsVisible = 0;
			defaultConfigurationName = Release;
		};
		3A46759727DDC5D60001B1FE /* Build configuration list for PBXNativeTarget "RKOTests" */ = {
			isa = XCConfigurationList;
			buildConfigurations = (
				3A46759827DDC5D60001B1FE /* Debug */,
				3A46759927DDC5D60001B1FE /* Release */,
			);
			defaultConfigurationIsVisible = 0;
			defaultConfigurationName = Release;
		};
		3A46759A27DDC5D60001B1FE /* Build configuration list for PBXNativeTarget "RKOUITests" */ = {
			isa = XCConfigurationList;
			buildConfigurations = (
				3A46759B27DDC5D60001B1FE /* Debug */,
				3A46759C27DDC5D60001B1FE /* Release */,
			);
			defaultConfigurationIsVisible = 0;
			defaultConfigurationName = Release;
		};
/* End XCConfigurationList section */
	};
	rootObject = 3A46756827DDC5D50001B1FE /* Project object */;
}
